PODS:
  - Differentiator (4.0.1)
  - MBProgressHUD (1.2.0)
  - RxCocoa (5.1.0):
    - RxRelay (~> 5)
    - RxSwift (~> 5)
  - RxDataSources (4.0.1):
    - Differentiator (~> 4.0)
    - RxCocoa (~> 5.0)
    - RxSwift (~> 5.0)
  - RxRelay (5.1.0):
    - RxSwift (~> 5)
  - RxSwift (5.1.0)
  - SkyFloatingLabelTextField (3.8.0)

DEPENDENCIES:
  - MBProgressHUD
  - RxCocoa
  - RxDataSources
  - RxSwift
  - SkyFloatingLabelTextField

SPEC REPOS:
  trunk:
    - Differentiator
    - MBProgressHUD
    - RxCocoa
    - RxDataSources
    - RxRelay
    - RxSwift
    - SkyFloatingLabelTextField

SPEC CHECKSUMS:
  Differentiator: 886080237d9f87f322641dedbc5be257061b0602
  MBProgressHUD: 3ee5efcc380f6a79a7cc9b363dd669c5e1ae7406
  RxCocoa: 13d2a4d7546a34b8ececae8c281e4ea1dbb94f2b
  RxDataSources: efee07fa4de48477eca0a4611e6d11e2da9c1114
  RxRelay: a168bd6caf712d00c676ac344e9295afc93b418e
  RxSwift: ad5874f24bb0dbffd1e9bb8443604e3578796c7a
  SkyFloatingLabelTextField: 5a338412114808e961fe2d14ea2c5452c8b6e4aa

PODFILE CHECKSUM: 75c6ffdf773c393f4d7322e89bc1b99ea2e85786

COCOAPODS: 1.8.4
